
Microsoft Visual Studio Solution File, Format Version 12.00
# Visual Studio Version 17
VisualStudioVersion = 17.2.32630.192
MinimumVisualStudioVersion = 10.0.40219.1
Project("{FAE04EC0-301F-11D3-BF4B-00C04F79EFBC}") = "ListeningDependecyProperties", "ListeningDependecyProperties\ListeningDependecyProperties.csproj", "{8E40AAF7-B296-4AAD-B069-1B4C6F37C8D6}"
EndProject
Global
	GlobalSection(SolutionConfigurationPlatforms) = preSolution
		Debug|Any CPU = Debug|Any CPU
		Release|Any CPU = Release|Any CPU
	EndGlobalSection
	GlobalSection(ProjectConfigurationPlatforms) = postSolution
		{8E40AAF7-B296-4AAD-B069-1B4C6F37C8D6}.Debug|Any CPU.ActiveCfg = Debug|Any CPU
		{8E40AAF7-B296-4AAD-B069-1B4C6F37C8D6}.Debug|Any CPU.Build.0 = Debug|Any CPU
		{8E40AAF7-B296-4AAD-B069-1B4C6F37C8D6}.Release|Any CPU.ActiveCfg = Release|Any CPU
		{8E40AAF7-B296-4AAD-B069-1B4C6F37C8D6}.Release|Any CPU.Build.0 = Release|Any CPU
	EndGlobalSection
	GlobalSection(SolutionProperties) = preSolution
		HideSolutionNode = FALSE
	EndGlobalSection
	GlobalSection(ExtensibilityGlobals) = postSolution
		SolutionGuid = {B5A9D07D-D737-4F84-BD28-E44336575FD4}
	EndGlobalSection
EndGlobal
