
Microsoft Visual Studio Solution File, Format Version 12.00
# Visual Studio Version 16
VisualStudioVersion = 16.0.30114.105
MinimumVisualStudioVersion = 10.0.40219.1
Project("{FAE04EC0-301F-11D3-BF4B-00C04F79EFBC}") = "BindingPropertyDescriptor", "BindingPropertyDescriptor\BindingPropertyDescriptor.csproj", "{B90FFDCF-2C85-4930-834C-CDD9BDA7A01E}"
EndProject
Project("{FAE04EC0-301F-11D3-BF4B-00C04F79EFBC}") = "ConsoleINPC", "ConsoleINPC\ConsoleINPC.csproj", "{97A3ABE3-A566-49B9-8E1A-2B3E7C8F80DE}"
EndProject
Project("{FAE04EC0-301F-11D3-BF4B-00C04F79EFBC}") = "ConsolePropertyDescriptor", "ConsolePropertyDescriptor\ConsolePropertyDescriptor.csproj", "{2198F6DB-4942-4AD4-B7AE-B7010D95E839}"
EndProject
Project("{FAE04EC0-301F-11D3-BF4B-00C04F79EFBC}") = "ConsolePropertyDescriptorSource", "ConsolePropertyDescriptorSource\ConsolePropertyDescriptorSource.csproj", "{0B564758-D7E6-42D9-AE77-AB6062265F68}"
EndProject
Project("{FAE04EC0-301F-11D3-BF4B-00C04F79EFBC}") = "ConsolePdInpc", "ConsolePdInpc\ConsolePdInpc.csproj", "{22D81F9A-8BAF-4144-82C2-DAF6FC8E8EF7}"
EndProject
Global
	GlobalSection(SolutionConfigurationPlatforms) = preSolution
		Debug|Any CPU = Debug|Any CPU
		Release|Any CPU = Release|Any CPU
	EndGlobalSection
	GlobalSection(ProjectConfigurationPlatforms) = postSolution
		{B90FFDCF-2C85-4930-834C-CDD9BDA7A01E}.Debug|Any CPU.ActiveCfg = Debug|Any CPU
		{B90FFDCF-2C85-4930-834C-CDD9BDA7A01E}.Debug|Any CPU.Build.0 = Debug|Any CPU
		{B90FFDCF-2C85-4930-834C-CDD9BDA7A01E}.Release|Any CPU.ActiveCfg = Release|Any CPU
		{B90FFDCF-2C85-4930-834C-CDD9BDA7A01E}.Release|Any CPU.Build.0 = Release|Any CPU
		{97A3ABE3-A566-49B9-8E1A-2B3E7C8F80DE}.Debug|Any CPU.ActiveCfg = Debug|Any CPU
		{97A3ABE3-A566-49B9-8E1A-2B3E7C8F80DE}.Debug|Any CPU.Build.0 = Debug|Any CPU
		{97A3ABE3-A566-49B9-8E1A-2B3E7C8F80DE}.Release|Any CPU.ActiveCfg = Release|Any CPU
		{97A3ABE3-A566-49B9-8E1A-2B3E7C8F80DE}.Release|Any CPU.Build.0 = Release|Any CPU
		{2198F6DB-4942-4AD4-B7AE-B7010D95E839}.Debug|Any CPU.ActiveCfg = Debug|Any CPU
		{2198F6DB-4942-4AD4-B7AE-B7010D95E839}.Debug|Any CPU.Build.0 = Debug|Any CPU
		{2198F6DB-4942-4AD4-B7AE-B7010D95E839}.Release|Any CPU.ActiveCfg = Release|Any CPU
		{2198F6DB-4942-4AD4-B7AE-B7010D95E839}.Release|Any CPU.Build.0 = Release|Any CPU
		{0B564758-D7E6-42D9-AE77-AB6062265F68}.Debug|Any CPU.ActiveCfg = Debug|Any CPU
		{0B564758-D7E6-42D9-AE77-AB6062265F68}.Debug|Any CPU.Build.0 = Debug|Any CPU
		{0B564758-D7E6-42D9-AE77-AB6062265F68}.Release|Any CPU.ActiveCfg = Release|Any CPU
		{0B564758-D7E6-42D9-AE77-AB6062265F68}.Release|Any CPU.Build.0 = Release|Any CPU
		{22D81F9A-8BAF-4144-82C2-DAF6FC8E8EF7}.Debug|Any CPU.ActiveCfg = Debug|Any CPU
		{22D81F9A-8BAF-4144-82C2-DAF6FC8E8EF7}.Debug|Any CPU.Build.0 = Debug|Any CPU
		{22D81F9A-8BAF-4144-82C2-DAF6FC8E8EF7}.Release|Any CPU.ActiveCfg = Release|Any CPU
		{22D81F9A-8BAF-4144-82C2-DAF6FC8E8EF7}.Release|Any CPU.Build.0 = Release|Any CPU
	EndGlobalSection
	GlobalSection(SolutionProperties) = preSolution
		HideSolutionNode = FALSE
	EndGlobalSection
	GlobalSection(ExtensibilityGlobals) = postSolution
		SolutionGuid = {4C37754A-9ABD-4256-8D60-456F81C204DA}
	EndGlobalSection
EndGlobal
