
Microsoft Visual Studio Solution File, Format Version 12.00
# Visual Studio Version 16
VisualStudioVersion = 16.0.30204.135
MinimumVisualStudioVersion = 10.0.40219.1
Project("{FAE04EC0-301F-11D3-BF4B-00C04F79EFBC}") = "DataTransferBetweenWindows", "DataTransferBetweenWindows\DataTransferBetweenWindows.csproj", "{FF20EDB4-6639-4D80-BF76-17AF43911A75}"
EndProject
Project("{FAE04EC0-301F-11D3-BF4B-00C04F79EFBC}") = "Static", "Static\Static.csproj", "{3A27F724-CDCC-4B6D-83AB-7C891297E275}"
EndProject
Project("{FAE04EC0-301F-11D3-BF4B-00C04F79EFBC}") = "Locator", "Locator\Locator.csproj", "{B9DE3595-3DCD-4E90-89E8-B19440CEC968}"
EndProject
Project("{FAE04EC0-301F-11D3-BF4B-00C04F79EFBC}") = "MessageBus", "MessageBus\MessageBus.csproj", "{2B46CC15-4629-4F5F-96C9-95BDCD876FD2}"
EndProject
Project("{FAE04EC0-301F-11D3-BF4B-00C04F79EFBC}") = "MvvmShort", "MvvmShort\MvvmShort.csproj", "{AD4519C7-C8F7-4385-9D4E-D0680EE3B4F6}"
EndProject
Global
	GlobalSection(SolutionConfigurationPlatforms) = preSolution
		Debug|Any CPU = Debug|Any CPU
		Release|Any CPU = Release|Any CPU
	EndGlobalSection
	GlobalSection(ProjectConfigurationPlatforms) = postSolution
		{FF20EDB4-6639-4D80-BF76-17AF43911A75}.Debug|Any CPU.ActiveCfg = Debug|Any CPU
		{FF20EDB4-6639-4D80-BF76-17AF43911A75}.Debug|Any CPU.Build.0 = Debug|Any CPU
		{FF20EDB4-6639-4D80-BF76-17AF43911A75}.Release|Any CPU.ActiveCfg = Release|Any CPU
		{FF20EDB4-6639-4D80-BF76-17AF43911A75}.Release|Any CPU.Build.0 = Release|Any CPU
		{3A27F724-CDCC-4B6D-83AB-7C891297E275}.Debug|Any CPU.ActiveCfg = Debug|Any CPU
		{3A27F724-CDCC-4B6D-83AB-7C891297E275}.Debug|Any CPU.Build.0 = Debug|Any CPU
		{3A27F724-CDCC-4B6D-83AB-7C891297E275}.Release|Any CPU.ActiveCfg = Release|Any CPU
		{3A27F724-CDCC-4B6D-83AB-7C891297E275}.Release|Any CPU.Build.0 = Release|Any CPU
		{B9DE3595-3DCD-4E90-89E8-B19440CEC968}.Debug|Any CPU.ActiveCfg = Debug|Any CPU
		{B9DE3595-3DCD-4E90-89E8-B19440CEC968}.Debug|Any CPU.Build.0 = Debug|Any CPU
		{B9DE3595-3DCD-4E90-89E8-B19440CEC968}.Release|Any CPU.ActiveCfg = Release|Any CPU
		{B9DE3595-3DCD-4E90-89E8-B19440CEC968}.Release|Any CPU.Build.0 = Release|Any CPU
		{2B46CC15-4629-4F5F-96C9-95BDCD876FD2}.Debug|Any CPU.ActiveCfg = Debug|Any CPU
		{2B46CC15-4629-4F5F-96C9-95BDCD876FD2}.Debug|Any CPU.Build.0 = Debug|Any CPU
		{2B46CC15-4629-4F5F-96C9-95BDCD876FD2}.Release|Any CPU.ActiveCfg = Release|Any CPU
		{2B46CC15-4629-4F5F-96C9-95BDCD876FD2}.Release|Any CPU.Build.0 = Release|Any CPU
		{AD4519C7-C8F7-4385-9D4E-D0680EE3B4F6}.Debug|Any CPU.ActiveCfg = Debug|Any CPU
		{AD4519C7-C8F7-4385-9D4E-D0680EE3B4F6}.Debug|Any CPU.Build.0 = Debug|Any CPU
		{AD4519C7-C8F7-4385-9D4E-D0680EE3B4F6}.Release|Any CPU.ActiveCfg = Release|Any CPU
		{AD4519C7-C8F7-4385-9D4E-D0680EE3B4F6}.Release|Any CPU.Build.0 = Release|Any CPU
	EndGlobalSection
	GlobalSection(SolutionProperties) = preSolution
		HideSolutionNode = FALSE
	EndGlobalSection
	GlobalSection(ExtensibilityGlobals) = postSolution
		SolutionGuid = {049BF895-2D5C-4BC7-8A88-8EC8A690D7BA}
	EndGlobalSection
EndGlobal
