
Microsoft Visual Studio Solution File, Format Version 12.00
# Visual Studio Version 16
VisualStudioVersion = 16.0.30406.217
MinimumVisualStudioVersion = 10.0.40219.1
Project("{FAE04EC0-301F-11D3-BF4B-00C04F79EFBC}") = "InterfacesCommands", "InterfacesCommands\InterfacesCommands.csproj", "{2ACB0226-F607-4864-A9D8-06EFD68E80AC}"
EndProject
Project("{FAE04EC0-301F-11D3-BF4B-00C04F79EFBC}") = "InterfacesWpfCommands", "InterfacesВispatcherCommands\InterfacesWpfCommands.csproj", "{DED285A6-97C2-4648-9FF4-5BFE3952D05B}"
EndProject
Project("{FAE04EC0-301F-11D3-BF4B-00C04F79EFBC}") = "Commands", "Commands\Commands.csproj", "{BA40C894-F03C-46B8-81DD-0DA6DDA27531}"
EndProject
Project("{FAE04EC0-301F-11D3-BF4B-00C04F79EFBC}") = "WpfCommands", "WpfCommands\WpfCommands.csproj", "{3C1A2976-28D2-42FC-9BEE-92AAA655E2BC}"
EndProject
Project("{FAE04EC0-301F-11D3-BF4B-00C04F79EFBC}") = "Examples", "Examples\Examples.csproj", "{C588AFCF-61D9-4015-8903-7D8591FD46C3}"
EndProject
Global
	GlobalSection(SolutionConfigurationPlatforms) = preSolution
		Debug|Any CPU = Debug|Any CPU
		Release|Any CPU = Release|Any CPU
	EndGlobalSection
	GlobalSection(ProjectConfigurationPlatforms) = postSolution
		{2ACB0226-F607-4864-A9D8-06EFD68E80AC}.Debug|Any CPU.ActiveCfg = Debug|Any CPU
		{2ACB0226-F607-4864-A9D8-06EFD68E80AC}.Debug|Any CPU.Build.0 = Debug|Any CPU
		{2ACB0226-F607-4864-A9D8-06EFD68E80AC}.Release|Any CPU.ActiveCfg = Release|Any CPU
		{2ACB0226-F607-4864-A9D8-06EFD68E80AC}.Release|Any CPU.Build.0 = Release|Any CPU
		{DED285A6-97C2-4648-9FF4-5BFE3952D05B}.Debug|Any CPU.ActiveCfg = Debug|Any CPU
		{DED285A6-97C2-4648-9FF4-5BFE3952D05B}.Debug|Any CPU.Build.0 = Debug|Any CPU
		{DED285A6-97C2-4648-9FF4-5BFE3952D05B}.Release|Any CPU.ActiveCfg = Release|Any CPU
		{DED285A6-97C2-4648-9FF4-5BFE3952D05B}.Release|Any CPU.Build.0 = Release|Any CPU
		{BA40C894-F03C-46B8-81DD-0DA6DDA27531}.Debug|Any CPU.ActiveCfg = Debug|Any CPU
		{BA40C894-F03C-46B8-81DD-0DA6DDA27531}.Debug|Any CPU.Build.0 = Debug|Any CPU
		{BA40C894-F03C-46B8-81DD-0DA6DDA27531}.Release|Any CPU.ActiveCfg = Release|Any CPU
		{BA40C894-F03C-46B8-81DD-0DA6DDA27531}.Release|Any CPU.Build.0 = Release|Any CPU
		{3C1A2976-28D2-42FC-9BEE-92AAA655E2BC}.Debug|Any CPU.ActiveCfg = Debug|Any CPU
		{3C1A2976-28D2-42FC-9BEE-92AAA655E2BC}.Debug|Any CPU.Build.0 = Debug|Any CPU
		{3C1A2976-28D2-42FC-9BEE-92AAA655E2BC}.Release|Any CPU.ActiveCfg = Release|Any CPU
		{3C1A2976-28D2-42FC-9BEE-92AAA655E2BC}.Release|Any CPU.Build.0 = Release|Any CPU
		{C588AFCF-61D9-4015-8903-7D8591FD46C3}.Debug|Any CPU.ActiveCfg = Debug|Any CPU
		{C588AFCF-61D9-4015-8903-7D8591FD46C3}.Debug|Any CPU.Build.0 = Debug|Any CPU
		{C588AFCF-61D9-4015-8903-7D8591FD46C3}.Release|Any CPU.ActiveCfg = Release|Any CPU
		{C588AFCF-61D9-4015-8903-7D8591FD46C3}.Release|Any CPU.Build.0 = Release|Any CPU
	EndGlobalSection
	GlobalSection(SolutionProperties) = preSolution
		HideSolutionNode = FALSE
	EndGlobalSection
	GlobalSection(ExtensibilityGlobals) = postSolution
		SolutionGuid = {841DF81E-9EA9-4690-B882-5B0456E5B89E}
	EndGlobalSection
EndGlobal
