
Microsoft Visual Studio Solution File, Format Version 12.00
# Visual Studio Version 17
VisualStudioVersion = 17.1.32414.318
MinimumVisualStudioVersion = 10.0.40219.1
Project("{9A19103F-16F7-4668-BE54-9A1E7A4F7556}") = "ViewModelProperties", "ViewModelProperty\ViewModelProperties.csproj", "{D6EC943F-BB5E-46CC-85B3-624255E0B1C9}"
EndProject
Project("{9A19103F-16F7-4668-BE54-9A1E7A4F7556}") = "Common", "Common\Common.csproj", "{181DA9B2-BB71-4504-9336-297B2D3D92BA}"
EndProject
Project("{FAE04EC0-301F-11D3-BF4B-00C04F79EFBC}") = "ViewNavigators", "ViewNavigators\ViewNavigators.csproj", "{CCF017A7-6F23-435E-85F7-C1CE12E13F25}"
EndProject
Global
	GlobalSection(SolutionConfigurationPlatforms) = preSolution
		Debug|Any CPU = Debug|Any CPU
		Release|Any CPU = Release|Any CPU
	EndGlobalSection
	GlobalSection(ProjectConfigurationPlatforms) = postSolution
		{D6EC943F-BB5E-46CC-85B3-624255E0B1C9}.Debug|Any CPU.ActiveCfg = Debug|Any CPU
		{D6EC943F-BB5E-46CC-85B3-624255E0B1C9}.Debug|Any CPU.Build.0 = Debug|Any CPU
		{D6EC943F-BB5E-46CC-85B3-624255E0B1C9}.Release|Any CPU.ActiveCfg = Release|Any CPU
		{D6EC943F-BB5E-46CC-85B3-624255E0B1C9}.Release|Any CPU.Build.0 = Release|Any CPU
		{181DA9B2-BB71-4504-9336-297B2D3D92BA}.Debug|Any CPU.ActiveCfg = Debug|Any CPU
		{181DA9B2-BB71-4504-9336-297B2D3D92BA}.Debug|Any CPU.Build.0 = Debug|Any CPU
		{181DA9B2-BB71-4504-9336-297B2D3D92BA}.Release|Any CPU.ActiveCfg = Release|Any CPU
		{181DA9B2-BB71-4504-9336-297B2D3D92BA}.Release|Any CPU.Build.0 = Release|Any CPU
		{CCF017A7-6F23-435E-85F7-C1CE12E13F25}.Debug|Any CPU.ActiveCfg = Debug|Any CPU
		{CCF017A7-6F23-435E-85F7-C1CE12E13F25}.Debug|Any CPU.Build.0 = Debug|Any CPU
		{CCF017A7-6F23-435E-85F7-C1CE12E13F25}.Release|Any CPU.ActiveCfg = Release|Any CPU
		{CCF017A7-6F23-435E-85F7-C1CE12E13F25}.Release|Any CPU.Build.0 = Release|Any CPU
	EndGlobalSection
	GlobalSection(SolutionProperties) = preSolution
		HideSolutionNode = FALSE
	EndGlobalSection
	GlobalSection(ExtensibilityGlobals) = postSolution
		SolutionGuid = {7DC9A4DF-B072-47E8-8998-41F6851987BB}
	EndGlobalSection
EndGlobal
